// !$*UTF8*$!
{
	archiveVersion = 1;
	classes = {
	};
	objectVersion = 46;
	objects = {

/* Begin PBXBuildFile section */
		14DBF69E1E3693C500A3EA6B /* AfternoonRunner.cpp in Sources */ = {isa = PBXBuildFile; fileRef = 14DBF69D1E3693C500A3EA6B /* AfternoonRunner.cpp */; };
		14DBF6A01E36959600A3EA6B /* FirstController.cpp in Sources */ = {isa = PBXBuildFile; fileRef = 14DBF69F1E36959600A3EA6B /* FirstController.cpp */; };
/* End PBXBuildFile section */

/* Begin PBXCopyFilesBuildPhase section */
		14DBF68E1E368FBF00A3EA6B /* CopyFiles */ = {
			isa = PBXCopyFilesBuildPhase;
			buildActionMask = 2147483647;
			dstPath = /usr/share/man/man1/;
			dstSubfolderSpec = 0;
			files = (
			);
			runOnlyForDeploymentPostprocessing = 1;
		};
/* End PBXCopyFilesBuildPhase section */

/* Begin PBXFileReference section */
		14DBF6901E368FC000A3EA6B /* FirstAfternoonCPlusPlus */ = {isa = PBXFileReference; explicitFileType = "compiled.mach-o.executable"; includeInIndex = 0; path = FirstAfternoonCPlusPlus; sourceTree = BUILT_PRODUCTS_DIR; };
		14DBF69D1E3693C500A3EA6B /* AfternoonRunner.cpp */ = {isa = PBXFileReference; fileEncoding = 4; lastKnownFileType = sourcecode.cpp.cpp; name = AfternoonRunner.cpp; path = Controller/AfternoonRunner.cpp; sourceTree = "<group>"; };
		14DBF69F1E36959600A3EA6B /* FirstController.cpp */ = {isa = PBXFileReference; fileEncoding = 4; lastKnownFileType = sourcecode.cpp.cpp; name = FirstController.cpp; path = Controller/FirstController.cpp; sourceTree = "<group>"; };
		14DBF6A11E36988000A3EA6B /* FirstController.h */ = {isa = PBXFileReference; lastKnownFileType = sourcecode.c.h; name = FirstController.h; path = Controller/FirstController.h; sourceTree = "<group>"; };
/* End PBXFileReference section */

/* Begin PBXFrameworksBuildPhase section */
		14DBF68D1E368FBF00A3EA6B /* Frameworks */ = {
			isa = PBXFrameworksBuildPhase;
			buildActionMask = 2147483647;
			files = (
			);
			runOnlyForDeploymentPostprocessing = 0;
		};
/* End PBXFrameworksBuildPhase section */

/* Begin PBXGroup section */
		149FA76C1E3933BF00D70882 /* Controller */ = {
			isa = PBXGroup;
			children = (
				14DBF69D1E3693C500A3EA6B /* AfternoonRunner.cpp */,
				14DBF69F1E36959600A3EA6B /* FirstController.cpp */,
			);
			name = Controller;
			sourceTree = "<group>";
		};
		14DBF6871E368FBF00A3EA6B = {
			isa = PBXGroup;
			children = (
				14DBF6921E368FC000A3EA6B /* FirstAfternoonCPlusPlus */,
				14DBF6911E368FC000A3EA6B /* Products */,
			);
			sourceTree = "<group>";
		};
		14DBF6911E368FC000A3EA6B /* Products */ = {
			isa = PBXGroup;
			children = (
				14DBF6901E368FC000A3EA6B /* FirstAfternoonCPlusPlus */,
			);
			name = Products;
			sourceTree = "<group>";
		};
		14DBF6921E368FC000A3EA6B /* FirstAfternoonCPlusPlus */ = {
			isa = PBXGroup;
			children = (
				149FA76C1E3933BF00D70882 /* Controller */,
				14DBF6A11E36988000A3EA6B /* FirstController.h */,
			);
			path = FirstAfternoonCPlusPlus;
			sourceTree = "<group>";
		};
/* End PBXGroup section */

/* Begin PBXNativeTarget section */
		14DBF68F1E368FBF00A3EA6B /* FirstAfternoonCPlusPlus */ = {
			isa = PBXNativeTarget;
			buildConfigurationList = 14DBF6971E368FC000A3EA6B /* Build configuration list for PBXNativeTarget "FirstAfternoonCPlusPlus" */;
			buildPhases = (
				14DBF68C1E368FBF00A3EA6B /* Sources */,
				14DBF68D1E368FBF00A3EA6B /* Frameworks */,
				14DBF68E1E368FBF00A3EA6B /* CopyFiles */,
			);
			buildRules = (
			);
			dependencies = (
			);
			name = FirstAfternoonCPlusPlus;
			productName = FirstAfternoonCPlusPlus;
			productReference = 14DBF6901E368FC000A3EA6B /* FirstAfternoonCPlusPlus */;
			productType = "com.apple.product-type.tool";
		};
/* End PBXNativeTarget section */

/* Begin PBXProject section */
		14DBF6881E368FBF00A3EA6B /* Project object */ = {
			isa = PBXProject;
			attributes = {
				LastUpgradeCheck = 0810;
				ORGANIZATIONNAME = CTEC;
				TargetAttributes = {
					14DBF68F1E368FBF00A3EA6B = {
						CreatedOnToolsVersion = 8.1;
						ProvisioningStyle = Automatic;
					};
				};
			};
			buildConfigurationList = 14DBF68B1E368FBF00A3EA6B /* Build configuration list for PBXProject "FirstAfternoonCPlusPlus" */;
			compatibilityVersion = "Xcode 3.2";
			developmentRegion = English;
			hasScannedForEncodings = 0;
			knownRegions = (
				en,
			);
			mainGroup = 14DBF6871E368FBF00A3EA6B;
			productRefGroup = 14DBF6911E368FC000A3EA6B /* Products */;
			projectDirPath = "";
			projectRoot = "";
			targets = (
				14DBF68F1E368FBF00A3EA6B /* FirstAfternoonCPlusPlus */,
			);
		};
/* End PBXProject section */

/* Begin PBXSourcesBuildPhase section */
		14DBF68C1E368FBF00A3EA6B /* Sources */ = {
			isa = PBXSourcesBuildPhase;
			buildActionMask = 2147483647;
			files = (
				14DBF6A01E36959600A3EA6B /* FirstController.cpp in Sources */,
				14DBF69E1E3693C500A3EA6B /* AfternoonRunner.cpp in Sources */,
			);
			runOnlyForDeploymentPostprocessing = 0;
		};
/* End PBXSourcesBuildPhase section */

/* Begin XCBuildConfiguration section */
		14DBF6951E368FC000A3EA6B /* Debug */ = {
			isa = XCBuildConfiguration;
			buildSettings = {
				ALWAYS_SEARCH_USER_PATHS = NO;
				CLANG_ANALYZER_NONNULL = YES;
				CLANG_CXX_LANGUAGE_STANDARD = "gnu++0x";
				CLANG_CXX_LIBRARY = "libc++";
				CLANG_ENABLE_MODULES = YES;
				CLANG_ENABLE_OBJC_ARC = YES;
				CLANG_WARN_BOOL_CONVERSION = YES;
				CLANG_WARN_CONSTANT_CONVERSION = YES;
				CLANG_WARN_DIRECT_OBJC_ISA_USAGE = YES_ERROR;
				CLANG_WARN_DOCUMENTATION_COMMENTS = YES;
				CLANG_WARN_EMPTY_BODY = YES;
				CLANG_WARN_ENUM_CONVERSION = YES;
				CLANG_WARN_INFINITE_RECURSION = YES;
				CLANG_WARN_INT_CONVERSION = YES;
				CLANG_WARN_OBJC_ROOT_CLASS = YES_ERROR;
				CLANG_WARN_SUSPICIOUS_MOVES = YES;
				CLANG_WARN_UNREACHABLE_CODE = YES;
				CLANG_WARN__DUPLICATE_METHOD_MATCH = YES;
				CODE_SIGN_IDENTITY = "-";
				COPY_PHASE_STRIP = NO;
				DEBUG_INFORMATION_FORMAT = dwarf;
				ENABLE_STRICT_OBJC_MSGSEND = YES;
				ENABLE_TESTABILITY = YES;
				GCC_C_LANGUAGE_STANDARD = gnu99;
				GCC_DYNAMIC_NO_PIC = NO;
				GCC_NO_COMMON_BLOCKS = YES;
				GCC_OPTIMIZATION_LEVEL = 0;
				GCC_PREPROCESSOR_DEFINITIONS = (
					"DEBUG=1",
					"$(inherited)",
				);
				GCC_WARN_64_TO_32_BIT_CONVERSION = YES;
				GCC_WARN_ABOUT_RETURN_TYPE = YES_ERROR;
				GCC_WARN_UNDECLARED_SELECTOR = YES;
				GCC_WARN_UNINITIALIZED_AUTOS = YES_AGGRESSIVE;
				GCC_WARN_UNUSED_FUNCTION = YES;
				GCC_WARN_UNUSED_VARIABLE = YES;
				MACOSX_DEPLOYMENT_TARGET = 10.11;
				MTL_ENABLE_DEBUG_INFO = YES;
				ONLY_ACTIVE_ARCH = YES;
				SDKROOT = macosx;
			};
			name = Debug;
		};
		14DBF6961E368FC000A3EA6B /* Release */ = {
			isa = XCBuildConfiguration;
			buildSettings = {
				ALWAYS_SEARCH_USER_PATHS = NO;
				CLANG_ANALYZER_NONNULL = YES;
				CLANG_CXX_LANGUAGE_STANDARD = "gnu++0x";
				CLANG_CXX_LIBRARY = "libc++";
				CLANG_ENABLE_MODULES = YES;
				CLANG_ENABLE_OBJC_ARC = YES;
				CLANG_WARN_BOOL_CONVERSION = YES;
				CLANG_WARN_CONSTANT_CONVERSION = YES;
				CLANG_WARN_DIRECT_OBJC_ISA_USAGE = YES_ERROR;
				CLANG_WARN_DOCUMENTATION_COMMENTS = YES;
				CLANG_WARN_EMPTY_BODY = YES;
				CLANG_WARN_ENUM_CONVERSION = YES;
				CLANG_WARN_INFINITE_RECURSION = YES;
				CLANG_WARN_INT_CONVERSION = YES;
				CLANG_WARN_OBJC_ROOT_CLASS = YES_ERROR;
				CLANG_WARN_SUSPICIOUS_MOVES = YES;
				CLANG_WARN_UNREACHABLE_CODE = YES;
				CLANG_WARN__DUPLICATE_METHOD_MATCH = YES;
				CODE_SIGN_IDENTITY = "-";
				COPY_PHASE_STRIP = NO;
				DEBUG_INFORMATION_FORMAT = "dwarf-with-dsym";
				ENABLE_NS_ASSERTIONS = NO;
				ENABLE_STRICT_OBJC_MSGSEND = YES;
				GCC_C_LANGUAGE_STANDARD = gnu99;
				GCC_NO_COMMON_BLOCKS = YES;
				GCC_WARN_64_TO_32_BIT_CONVERSION = YES;
				GCC_WARN_ABOUT_RETURN_TYPE = YES_ERROR;
				GCC_WARN_UNDECLARED_SELECTOR = YES;
				GCC_WARN_UNINITIALIZED_AUTOS = YES_AGGRESSIVE;
				GCC_WARN_UNUSED_FUNCTION = YES;
				GCC_WARN_UNUSED_VARIABLE = YES;
				MACOSX_DEPLOYMENT_TARGET = 10.11;
				MTL_ENABLE_DEBUG_INFO = NO;
				SDKROOT = macosx;
			};
			name = Release;
		};
		14DBF6981E368FC000A3EA6B /* Debug */ = {
			isa = XCBuildConfiguration;
			buildSettings = {
				PRODUCT_NAME = "$(TARGET_NAME)";
			};
			name = Debug;
		};
		14DBF6991E368FC000A3EA6B /* Release */ = {
			isa = XCBuildConfiguration;
			buildSettings = {
				PRODUCT_NAME = "$(TARGET_NAME)";
			};
			name = Release;
		};
/* End XCBuildConfiguration section */

/* Begin XCConfigurationList section */
		14DBF68B1E368FBF00A3EA6B /* Build configuration list for PBXProject "FirstAfternoonCPlusPlus" */ = {
			isa = XCConfigurationList;
			buildConfigurations = (
				14DBF6951E368FC000A3EA6B /* Debug */,
				14DBF6961E368FC000A3EA6B /* Release */,
			);
			defaultConfigurationIsVisible = 0;
			defaultConfigurationName = Release;
		};
		14DBF6971E368FC000A3EA6B /* Build configuration list for PBXNativeTarget "FirstAfternoonCPlusPlus" */ = {
			isa = XCConfigurationList;
			buildConfigurations = (
				14DBF6981E368FC000A3EA6B /* Debug */,
				14DBF6991E368FC000A3EA6B /* Release */,
			);
			defaultConfigurationIsVisible = 0;
			defaultConfigurationName = Release;
		};
/* End XCConfigurationList section */
	};
	rootObject = 14DBF6881E368FBF00A3EA6B /* Project object */;
}
